
Microsoft Visual Studio Solution File, Format Version 12.00
# Visual Studio Version 17
VisualStudioVersion = 17.0.31903.59
MinimumVisualStudioVersion = 10.0.40219.1
Project("{9A19103F-16F7-4668-BE54-9A1E7A4F7556}") = "OpenWorldBuilder", "src\OpenWorldBuilder.csproj", "{10B44E78-749A-4FFE-908F-16FD36BD8C7D}"
EndProject
Project("{2150E333-8FDC-42A3-9474-1A3956D46DE8}") = "deps", "deps", "{1A2D8BFB-B15B-41AB-9DA1-D4A6DD2E0DCE}"
EndProject
Project("{9A19103F-16F7-4668-BE54-9A1E7A4F7556}") = "FNA.Core", "deps\FNA\FNA.Core.csproj", "{80F5ACEE-9724-4AC7-B721-295D37F324D5}"
EndProject
Project("{2150E333-8FDC-42A3-9474-1A3956D46DE8}") = "ImGui.NET", "ImGui.NET", "{68648243-18AB-44DF-8861-BAFB638AD2FD}"
EndProject
Project("{2150E333-8FDC-42A3-9474-1A3956D46DE8}") = "src", "src", "{2C8E7F9A-A473-4C3C-8A77-A9DBC8F75352}"
EndProject
Project("{9A19103F-16F7-4668-BE54-9A1E7A4F7556}") = "ImGui.NET", "deps\ImGui.NET\src\ImGui.NET\ImGui.NET.csproj", "{82A8CBA2-716D-49BB-8F88-CDBE9A1D91B7}"
EndProject
Project("{9A19103F-16F7-4668-BE54-9A1E7A4F7556}") = "ImGuizmo.NET", "deps\ImGui.NET\src\ImGuizmo.NET\ImGuizmo.NET.csproj", "{DD4B346D-FBE3-466A-8B73-E5CFE65F1F54}"
EndProject
Project("{9A19103F-16F7-4668-BE54-9A1E7A4F7556}") = "ImNodes.NET", "deps\ImGui.NET\src\ImNodes.NET\ImNodes.NET.csproj", "{2A89C518-CD91-435E-9F44-94426AFBA1C9}"
EndProject
Project("{9A19103F-16F7-4668-BE54-9A1E7A4F7556}") = "ImPlot.NET", "deps\ImGui.NET\src\ImPlot.NET\ImPlot.NET.csproj", "{EBDF4E73-237C-43E0-9D12-5184A76B5E87}"
EndProject
Global
	GlobalSection(SolutionConfigurationPlatforms) = preSolution
		Debug|x64 = Debug|x64
		Release|x64 = Release|x64
	EndGlobalSection
	GlobalSection(ProjectConfigurationPlatforms) = postSolution
		{10B44E78-749A-4FFE-908F-16FD36BD8C7D}.Debug|x64.ActiveCfg = Debug|x64
		{10B44E78-749A-4FFE-908F-16FD36BD8C7D}.Debug|x64.Build.0 = Debug|x64
		{10B44E78-749A-4FFE-908F-16FD36BD8C7D}.Release|x64.ActiveCfg = Release|x64
		{10B44E78-749A-4FFE-908F-16FD36BD8C7D}.Release|x64.Build.0 = Release|x64
		{80F5ACEE-9724-4AC7-B721-295D37F324D5}.Debug|x64.ActiveCfg = Debug|x64
		{80F5ACEE-9724-4AC7-B721-295D37F324D5}.Debug|x64.Build.0 = Debug|x64
		{80F5ACEE-9724-4AC7-B721-295D37F324D5}.Release|x64.ActiveCfg = Release|x64
		{80F5ACEE-9724-4AC7-B721-295D37F324D5}.Release|x64.Build.0 = Release|x64
		{82A8CBA2-716D-49BB-8F88-CDBE9A1D91B7}.Debug|x64.ActiveCfg = Debug|x64
		{82A8CBA2-716D-49BB-8F88-CDBE9A1D91B7}.Debug|x64.Build.0 = Debug|x64
		{82A8CBA2-716D-49BB-8F88-CDBE9A1D91B7}.Release|x64.ActiveCfg = Release|x64
		{82A8CBA2-716D-49BB-8F88-CDBE9A1D91B7}.Release|x64.Build.0 = Release|x64
		{DD4B346D-FBE3-466A-8B73-E5CFE65F1F54}.Debug|x64.ActiveCfg = Debug|x64
		{DD4B346D-FBE3-466A-8B73-E5CFE65F1F54}.Debug|x64.Build.0 = Debug|x64
		{DD4B346D-FBE3-466A-8B73-E5CFE65F1F54}.Release|x64.ActiveCfg = Release|x64
		{DD4B346D-FBE3-466A-8B73-E5CFE65F1F54}.Release|x64.Build.0 = Release|x64
		{2A89C518-CD91-435E-9F44-94426AFBA1C9}.Debug|x64.ActiveCfg = Debug|x64
		{2A89C518-CD91-435E-9F44-94426AFBA1C9}.Debug|x64.Build.0 = Debug|x64
		{2A89C518-CD91-435E-9F44-94426AFBA1C9}.Release|x64.ActiveCfg = Release|x64
		{2A89C518-CD91-435E-9F44-94426AFBA1C9}.Release|x64.Build.0 = Release|x64
		{EBDF4E73-237C-43E0-9D12-5184A76B5E87}.Debug|x64.ActiveCfg = Debug|x64
		{EBDF4E73-237C-43E0-9D12-5184A76B5E87}.Debug|x64.Build.0 = Debug|x64
		{EBDF4E73-237C-43E0-9D12-5184A76B5E87}.Release|x64.ActiveCfg = Release|x64
		{EBDF4E73-237C-43E0-9D12-5184A76B5E87}.Release|x64.Build.0 = Release|x64
	EndGlobalSection
	GlobalSection(SolutionProperties) = preSolution
		HideSolutionNode = FALSE
	EndGlobalSection
	GlobalSection(NestedProjects) = preSolution
		{80F5ACEE-9724-4AC7-B721-295D37F324D5} = {1A2D8BFB-B15B-41AB-9DA1-D4A6DD2E0DCE}
		{68648243-18AB-44DF-8861-BAFB638AD2FD} = {1A2D8BFB-B15B-41AB-9DA1-D4A6DD2E0DCE}
		{2C8E7F9A-A473-4C3C-8A77-A9DBC8F75352} = {68648243-18AB-44DF-8861-BAFB638AD2FD}
		{82A8CBA2-716D-49BB-8F88-CDBE9A1D91B7} = {2C8E7F9A-A473-4C3C-8A77-A9DBC8F75352}
		{DD4B346D-FBE3-466A-8B73-E5CFE65F1F54} = {2C8E7F9A-A473-4C3C-8A77-A9DBC8F75352}
		{2A89C518-CD91-435E-9F44-94426AFBA1C9} = {2C8E7F9A-A473-4C3C-8A77-A9DBC8F75352}
		{EBDF4E73-237C-43E0-9D12-5184A76B5E87} = {2C8E7F9A-A473-4C3C-8A77-A9DBC8F75352}
	EndGlobalSection
	GlobalSection(ExtensibilityGlobals) = postSolution
		SolutionGuid = {A564D50C-5523-4245-AF03-714B2C0F90EC}
	EndGlobalSection
EndGlobal
